# This file is automatically @generated by Cargo.
# It is not intended for manual editing.
version = 3

[[package]]
name = "once_cell"
version = "1.21.0"
source = "registry+https://github.com/rust-lang/crates.io-index"
checksum = "cde51589ab56b20a6f686b2c68f7a0bd6add753d697abf720d63f8db3ab7b1ad"

[[package]]
name = "rustlox"
version = "0.1.0"
dependencies = [
 "once_cell",
]
